
Microsoft Visual Studio Solution File, Format Version 12.00
# Visual Studio Version 17
VisualStudioVersion = 17.14.36623.8 d17.14
MinimumVisualStudioVersion = 10.0.40219.1
Project("{FAE04EC0-301F-11D3-BF4B-00C04F79EFBC}") = "TranslationTool.WebAPI", "TranslationTool.WebAPI\TranslationTool.WebAPI.csproj", "{8008BE58-D2F1-416F-9744-0D6D608D1027}"
EndProject
Global
	GlobalSection(SolutionConfigurationPlatforms) = preSolution
		Debug|Any CPU = Debug|Any CPU
		Release|Any CPU = Release|Any CPU
	EndGlobalSection
	GlobalSection(ProjectConfigurationPlatforms) = postSolution
		{8008BE58-D2F1-416F-9744-0D6D608D1027}.Debug|Any CPU.ActiveCfg = Debug|Any CPU
		{8008BE58-D2F1-416F-9744-0D6D608D1027}.Debug|Any CPU.Build.0 = Debug|Any CPU
		{8008BE58-D2F1-416F-9744-0D6D608D1027}.Release|Any CPU.ActiveCfg = Release|Any CPU
		{8008BE58-D2F1-416F-9744-0D6D608D1027}.Release|Any CPU.Build.0 = Release|Any CPU
	EndGlobalSection
	GlobalSection(SolutionProperties) = preSolution
		HideSolutionNode = FALSE
	EndGlobalSection
	GlobalSection(ExtensibilityGlobals) = postSolution
		SolutionGuid = {910B77B1-68DB-42FA-B8BF-412699454B1C}
	EndGlobalSection
EndGlobal
